<?xml version="1.0" encoding="utf-8"?>
<Project ToolsVersion="4.0" xmlns="http://schemas.microsoft.com/developer/msbuild/2003">
  <ItemGroup>
    <Filter Include="src">
      <UniqueIdentifier>{a0010001-0000-0000-0000-00000000001a}</UniqueIdentifier>
    </Filter>
    <Filter Include="src\core">
      <UniqueIdentifier>{a0010002-0000-0000-0000-00000000001a}</UniqueIdentifier>
    </Filter>
    <Filter Include="src\world">
      <UniqueIdentifier>{a0010003-0000-0000-0000-00000000001a}</UniqueIdentifier>
    </Filter>
    <Filter Include="src\objects">
      <UniqueIdentifier>{a0010004-0000-0000-0000-00000000001a}</UniqueIdentifier>
    </Filter>
    <Filter Include="src\behaviours">
      <UniqueIdentifier>{a0010005-0000-0000-0000-00000000001a}</UniqueIdentifier>
    </Filter>
    <Filter Include="src\player">
      <UniqueIdentifier>{a0010007-0000-0000-0000-00000000001a}</UniqueIdentifier>
    </Filter>
    <Filter Include="src\rendering">
      <UniqueIdentifier>{a0010008-0000-0000-0000-00000000001a}</UniqueIdentifier>
    </Filter>
    <Filter Include="src\particles">
      <UniqueIdentifier>{a001000a-0000-0000-0000-00000000001a}</UniqueIdentifier>
    </Filter>
    <Filter Include="src\game">
      <UniqueIdentifier>{a001000b-0000-0000-0000-00000000001a}</UniqueIdentifier>
    </Filter>
    <Filter Include="data">
      <UniqueIdentifier>{a001000c-0000-0000-0000-00000000001a}</UniqueIdentifier>
    </Filter>
    <Filter Include="deps">
      <UniqueIdentifier>{a001000d-0000-0000-0000-00000000001a}</UniqueIdentifier>
    </Filter>
  </ItemGroup>
  <ItemGroup>
    <!-- src\ -->
    <ClCompile Include="src\main.cpp">                           <Filter>src</Filter> </ClCompile>

    <!-- src\core\ -->
    <ClCompile Include="src\core\random.cpp">                    <Filter>src\core</Filter> </ClCompile>

    <!-- src\world\ -->
    <ClCompile Include="src\world\landscape.cpp">                <Filter>src\world</Filter> </ClCompile>
    <ClCompile Include="src\world\obstruction.cpp">              <Filter>src\world</Filter> </ClCompile>
    <ClCompile Include="src\world\wind.cpp">                     <Filter>src\world</Filter> </ClCompile>
    <ClCompile Include="src\world\water.cpp">                    <Filter>src\world</Filter> </ClCompile>
    <ClCompile Include="src\world\tertiary.cpp">                 <Filter>src\world</Filter> </ClCompile>

    <!-- src\objects\ -->
    <ClCompile Include="src\objects\object.cpp">                 <Filter>src\objects</Filter> </ClCompile>
    <ClCompile Include="src\objects\object_manager.cpp">         <Filter>src\objects</Filter> </ClCompile>
    <ClCompile Include="src\objects\physics.cpp">                <Filter>src\objects</Filter> </ClCompile>
    <ClCompile Include="src\objects\collision.cpp">              <Filter>src\objects</Filter> </ClCompile>
    <ClCompile Include="src\objects\held_object.cpp">            <Filter>src\objects</Filter> </ClCompile>
    <ClCompile Include="src\objects\weapon.cpp">                 <Filter>src\objects</Filter> </ClCompile>

    <!-- src\behaviours\ -->
    <ClCompile Include="src\behaviours\npc_helpers.cpp">                 <Filter>src\behaviours</Filter> </ClCompile>
    <ClCompile Include="src\behaviours\mood.cpp">                        <Filter>src\behaviours</Filter> </ClCompile>
    <ClCompile Include="src\behaviours\behavior_dispatch.cpp">           <Filter>src\behaviours</Filter> </ClCompile>

    <!-- src\behaviours\ -->
    <ClCompile Include="src\behaviours\projectile.cpp">        <Filter>src\behaviours</Filter> </ClCompile>
    <ClCompile Include="src\behaviours\creature.cpp">          <Filter>src\behaviours</Filter> </ClCompile>
    <ClCompile Include="src\behaviours\robot.cpp">             <Filter>src\behaviours</Filter> </ClCompile>
    <ClCompile Include="src\behaviours\environment.cpp">       <Filter>src\behaviours</Filter> </ClCompile>
    <ClCompile Include="src\behaviours\collectable.cpp">       <Filter>src\behaviours</Filter> </ClCompile>

    <!-- src\player\ -->
    <ClCompile Include="src\player\input.cpp">                   <Filter>src\player</Filter> </ClCompile>
    <ClCompile Include="src\player\player_actions.cpp">          <Filter>src\player</Filter> </ClCompile>
    <ClCompile Include="src\player\player_motion.cpp">           <Filter>src\player</Filter> </ClCompile>
    <ClCompile Include="src\player\player_sprite.cpp">           <Filter>src\player</Filter> </ClCompile>

    <!-- src\rendering\ -->
    <ClCompile Include="src\rendering\camera.cpp">               <Filter>src\rendering</Filter> </ClCompile>
    <ClCompile Include="src\rendering\sprite_atlas.cpp">         <Filter>src\rendering</Filter> </ClCompile>
    <ClCompile Include="src\rendering\sprite_data.cpp">          <Filter>src\rendering</Filter> </ClCompile>
    <ClCompile Include="src\rendering\palette.cpp">              <Filter>src\rendering</Filter> </ClCompile>
    <ClCompile Include="src\rendering\pixel_renderer.cpp">       <Filter>src\rendering</Filter> </ClCompile>

    <!-- src\particles\ -->
    <ClCompile Include="src\particles\particle_system.cpp">      <Filter>src\particles</Filter> </ClCompile>

    <!-- src\game\ -->
    <ClCompile Include="src\game\game.cpp">                      <Filter>src\game</Filter> </ClCompile>
    <ClCompile Include="src\game\config.cpp">                    <Filter>src\game</Filter> </ClCompile>
    <ClCompile Include="src\game\tertiary_spawn.cpp">            <Filter>src\game</Filter> </ClCompile>
    <ClCompile Include="src\game\object_update.cpp">             <Filter>src\game</Filter> </ClCompile>
    <ClCompile Include="src\game\render.cpp">                    <Filter>src\game</Filter> </ClCompile>
  </ItemGroup>
  <ItemGroup>
    <!-- src\core\ -->
    <ClInclude Include="src\core\types.h">                       <Filter>src\core</Filter> </ClInclude>
    <ClInclude Include="src\core\random.h">                      <Filter>src\core</Filter> </ClInclude>
    <ClInclude Include="src\core\fixed_point.h">                 <Filter>src\core</Filter> </ClInclude>

    <!-- data\ -->
    <ClInclude Include="data\map_overlay.h">                     <Filter>data</Filter> </ClInclude>

    <!-- src\world\ -->
    <ClInclude Include="src\world\landscape.h">                  <Filter>src\world</Filter> </ClInclude>
    <ClInclude Include="src\world\obstruction.h">                <Filter>src\world</Filter> </ClInclude>
    <ClInclude Include="src\world\tile_data.h">                  <Filter>src\world</Filter> </ClInclude>
    <ClInclude Include="src\world\wind.h">                       <Filter>src\world</Filter> </ClInclude>
    <ClInclude Include="src\world\water.h">                      <Filter>src\world</Filter> </ClInclude>
    <ClInclude Include="src\world\tertiary.h">                   <Filter>src\world</Filter> </ClInclude>

    <!-- src\objects\ -->
    <ClInclude Include="src\objects\object.h">                   <Filter>src\objects</Filter> </ClInclude>
    <ClInclude Include="src\objects\object_data.h">              <Filter>src\objects</Filter> </ClInclude>
    <ClInclude Include="src\objects\object_tables.h">            <Filter>src\objects</Filter> </ClInclude>
    <ClInclude Include="src\objects\object_manager.h">           <Filter>src\objects</Filter> </ClInclude>
    <ClInclude Include="src\objects\held_object.h">              <Filter>src\objects</Filter> </ClInclude>
    <ClInclude Include="src\objects\weapon.h">                   <Filter>src\objects</Filter> </ClInclude>
    <ClInclude Include="src\objects\physics.h">                  <Filter>src\objects</Filter> </ClInclude>
    <ClInclude Include="src\objects\collision.h">                <Filter>src\objects</Filter> </ClInclude>

    <!-- src\rendering\ -->
    <ClInclude Include="src\rendering\renderer.h">               <Filter>src\rendering</Filter> </ClInclude>
    <ClInclude Include="src\rendering\camera.h">                 <Filter>src\rendering</Filter> </ClInclude>
    <ClInclude Include="src\rendering\sprite_atlas.h">           <Filter>src\rendering</Filter> </ClInclude>
    <ClInclude Include="src\rendering\sprite_data.h">            <Filter>src\rendering</Filter> </ClInclude>
    <ClInclude Include="src\rendering\palette.h">                <Filter>src\rendering</Filter> </ClInclude>
    <ClInclude Include="src\rendering\font8x8.h">                <Filter>src\rendering</Filter> </ClInclude>
    <ClInclude Include="src\rendering\debug_names.h">            <Filter>src\rendering</Filter> </ClInclude>
    <ClInclude Include="src\rendering\pixel_renderer.h">         <Filter>src\rendering</Filter> </ClInclude>

    <!-- src\particles\ -->
    <ClInclude Include="src\particles\particle_system.h">        <Filter>src\particles</Filter> </ClInclude>

    <!-- deps\ -->
    <ClInclude Include="deps\fenster.h">                         <Filter>deps</Filter> </ClInclude>

    <!-- src\behaviours\ -->
    <ClInclude Include="src\behaviours\npc_helpers.h">                   <Filter>src\behaviours</Filter> </ClInclude>
    <ClInclude Include="src\behaviours\mood.h">                          <Filter>src\behaviours</Filter> </ClInclude>
    <ClInclude Include="src\behaviours\behavior_dispatch.h">             <Filter>src\behaviours</Filter> </ClInclude>

    <!-- src\behaviours\ -->
    <ClInclude Include="src\behaviours\projectile.h">          <Filter>src\behaviours</Filter> </ClInclude>
    <ClInclude Include="src\behaviours\creature.h">            <Filter>src\behaviours</Filter> </ClInclude>
    <ClInclude Include="src\behaviours\robot.h">               <Filter>src\behaviours</Filter> </ClInclude>
    <ClInclude Include="src\behaviours\environment.h">         <Filter>src\behaviours</Filter> </ClInclude>
    <ClInclude Include="src\behaviours\collectable.h">         <Filter>src\behaviours</Filter> </ClInclude>

    <!-- src\player\ -->
    <ClInclude Include="src\player\input.h">                     <Filter>src\player</Filter> </ClInclude>

    <!-- src\game\ -->
    <ClInclude Include="src\game\game.h">                        <Filter>src\game</Filter> </ClInclude>
    <ClInclude Include="src\game\config.h">                      <Filter>src\game</Filter> </ClInclude>
  </ItemGroup>
  <ItemGroup>
    <!-- Non-code files at the project root — left without <Filter> so
         they appear at the top level in Solution Explorer. CLAUDE.md is
         omitted on purpose: it's per-dev and .gitignore'd, not part of
         the shared solution. -->
    <None Include="exile.ini" />
  </ItemGroup>
</Project>
